# This file is automatically @generated by Cargo.
# It is not intended for manual editing.
version = 3

[[package]]
name = "aho-corasick"
version = "0.7.18"
source = "registry+https://github.com/rust-lang/crates.io-index"
checksum = "1e37cfd5e7657ada45f742d6e99ca5788580b5c529dc78faf11ece6dc702656f"
dependencies = [
 "memchr",
]

[[package]]
name = "async-trait"
version = "0.1.51"
source = "registry+https://github.com/rust-lang/crates.io-index"
checksum = "44318e776df68115a881de9a8fd1b9e53368d7a4a5ce4cc48517da3393233a5e"
dependencies = [
 "proc-macro2",
 "quote",
 "syn",
]

[[package]]
name = "atty"
version = "0.2.14"
source = "registry+https://github.com/rust-lang/crates.io-index"
checksum = "d9b39be18770d11421cdb1b9947a45dd3f37e93092cbf377614828a319d5fee8"
dependencies = [
 "hermit-abi",
 "libc",
 "winapi",
]

[[package]]
name = "autocfg"
version = "1.0.1"
source = "registry+https://github.com/rust-lang/crates.io-index"
checksum = "cdb031dd78e28731d87d56cc8ffef4a8f36ca26c38fe2de700543e627f8a464a"

[[package]]
name = "bitflags"
version = "1.3.2"
source = "registry+https://github.com/rust-lang/crates.io-index"
checksum = "bef38d45163c2f1dde094a7dfd33ccf595c92905c8f8f4fdc18d06fb1037718a"

[[package]]
name = "block"
version = "0.1.6"
source = "registry+https://github.com/rust-lang/crates.io-index"
checksum = "0d8c1fef690941d3e7788d328517591fecc684c084084702d6ff1641e993699a"

[[package]]
name = "bluez-async"
version = "0.3.1"
source = "registry+https://github.com/rust-lang/crates.io-index"
checksum = "27ebad2b0d80a77a8ce06890024f6eff028f6a5ce0021564d0b71aaa13ce617a"
dependencies = [
 "async-trait",
 "bitflags",
 "bluez-generated",
 "dbus",
 "dbus-tokio",
 "futures",
 "itertools",
 "log",
 "serde",
 "serde-xml-rs",
 "serde_derive",
 "thiserror",
 "tokio",
 "uuid",
]

[[package]]
name = "bluez-generated"
version = "0.2.1"
source = "registry+https://github.com/rust-lang/crates.io-index"
checksum = "33ad8f302dd79411881cd0181f3bd9fc91a959b71c3a13159bd8a07d2c40dc7f"
dependencies = [
 "dbus",
]

[[package]]
name = "btleplug"
version = "0.8.1"
source = "registry+https://github.com/rust-lang/crates.io-index"
checksum = "50d3bcb8bf1febd9a8628dade48f50cde0de915a966edc353a8cc43569dc99b5"
dependencies = [
 "async-trait",
 "bitflags",
 "bluez-async",
 "cocoa",
 "dashmap",
 "dbus",
 "displaydoc",
 "futures",
 "libc",
 "log",
 "objc",
 "parking_lot",
 "static_assertions",
 "thiserror",
 "tokio",
 "uuid",
 "windows",
]

[[package]]
name = "byteorder"
version = "1.4.3"
source = "registry+https://github.com/rust-lang/crates.io-index"
checksum = "14c189c53d098945499cdfa7ecc63567cf3886b3332b312a5b4585d8d3a6a610"

[[package]]
name = "cfg-if"
version = "1.0.0"
source = "registry+https://github.com/rust-lang/crates.io-index"
checksum = "baf1de4339761588bc0619e3cbc0120ee582ebb74b53b4efbf79117bd2da40fd"

[[package]]
name = "cocoa"
version = "0.24.0"
source = "registry+https://github.com/rust-lang/crates.io-index"
checksum = "6f63902e9223530efb4e26ccd0cf55ec30d592d3b42e21a28defc42a9586e832"
dependencies = [
 "bitflags",
 "block",
 "cocoa-foundation",
 "core-foundation",
 "core-graphics",
 "foreign-types",
 "libc",
 "objc",
]

[[package]]
name = "cocoa-foundation"
version = "0.1.0"
source = "registry+https://github.com/rust-lang/crates.io-index"
checksum = "7ade49b65d560ca58c403a479bb396592b155c0185eada742ee323d1d68d6318"
dependencies = [
 "bitflags",
 "block",
 "core-foundation",
 "core-graphics-types",
 "foreign-types",
 "libc",
 "objc",
]

[[package]]
name = "const-sha1"
version = "0.2.0"
source = "registry+https://github.com/rust-lang/crates.io-index"
checksum = "fb58b6451e8c2a812ad979ed1d83378caa5e927eef2622017a45f251457c2c9d"

[[package]]
name = "core-foundation"
version = "0.9.1"
source = "registry+https://github.com/rust-lang/crates.io-index"
checksum = "0a89e2ae426ea83155dccf10c0fa6b1463ef6d5fcb44cee0b224a408fa640a62"
dependencies = [
 "core-foundation-sys",
 "libc",
]

[[package]]
name = "core-foundation-sys"
version = "0.8.2"
source = "registry+https://github.com/rust-lang/crates.io-index"
checksum = "ea221b5284a47e40033bf9b66f35f984ec0ea2931eb03505246cd27a963f981b"

[[package]]
name = "core-graphics"
version = "0.22.2"
source = "registry+https://github.com/rust-lang/crates.io-index"
checksum = "269f35f69b542b80e736a20a89a05215c0ce80c2c03c514abb2e318b78379d86"
dependencies = [
 "bitflags",
 "core-foundation",
 "core-graphics-types",
 "foreign-types",
 "libc",
]

[[package]]
name = "core-graphics-types"
version = "0.1.1"
source = "registry+https://github.com/rust-lang/crates.io-index"
checksum = "3a68b68b3446082644c91ac778bf50cd4104bfb002b5a6a7c44cca5a2c70788b"
dependencies = [
 "bitflags",
 "core-foundation",
 "foreign-types",
 "libc",
]

[[package]]
name = "dashmap"
version = "4.0.2"
source = "registry+https://github.com/rust-lang/crates.io-index"
checksum = "e77a43b28d0668df09411cb0bc9a8c2adc40f9a048afe863e05fd43251e8e39c"
dependencies = [
 "cfg-if",
 "num_cpus",
]

[[package]]
name = "dbus"
version = "0.9.3"
source = "registry+https://github.com/rust-lang/crates.io-index"
checksum = "c8862bb50aa3b2a2db5bfd2c875c73b3038aa931c411087e335ca8ca0ed430b9"
dependencies = [
 "futures-channel",
 "futures-util",
 "libc",
 "libdbus-sys",
 "winapi",
]

[[package]]
name = "dbus-tokio"
version = "0.7.5"
source = "registry+https://github.com/rust-lang/crates.io-index"
checksum = "12a1a74a0c53b22d7d994256cf3ecbeefa5eedce3cf9d362945ac523c4132180"
dependencies = [
 "dbus",
 "libc",
 "tokio",
]

[[package]]
name = "displaydoc"
version = "0.2.3"
source = "registry+https://github.com/rust-lang/crates.io-index"
checksum = "3bf95dc3f046b9da4f2d51833c0d3547d8564ef6910f5c1ed130306a75b92886"
dependencies = [
 "proc-macro2",
 "quote",
 "syn",
]

[[package]]
name = "either"
version = "1.6.1"
source = "registry+https://github.com/rust-lang/crates.io-index"
checksum = "e78d4f1cc4ae33bbfc157ed5d5a5ef3bc29227303d595861deb238fcec4e9457"

[[package]]
name = "env_logger"
version = "0.7.1"
source = "registry+https://github.com/rust-lang/crates.io-index"
checksum = "44533bbbb3bb3c1fa17d9f2e4e38bbbaf8396ba82193c4cb1b6445d711445d36"
dependencies = [
 "atty",
 "humantime",
 "log",
 "regex",
 "termcolor",
]

[[package]]
name = "foreign-types"
version = "0.3.2"
source = "registry+https://github.com/rust-lang/crates.io-index"
checksum = "f6f339eb8adc052cd2ca78910fda869aefa38d22d5cb648e6485e4d3fc06f3b1"
dependencies = [
 "foreign-types-shared",
]

[[package]]
name = "foreign-types-shared"
version = "0.1.1"
source = "registry+https://github.com/rust-lang/crates.io-index"
checksum = "00b0228411908ca8685dba7fc2cdd70ec9990a6e753e89b6ac91a84c40fbaf4b"

[[package]]
name = "futures"
version = "0.3.17"
source = "registry+https://github.com/rust-lang/crates.io-index"
checksum = "a12aa0eb539080d55c3f2d45a67c3b58b6b0773c1a3ca2dfec66d58c97fd66ca"
dependencies = [
 "futures-channel",
 "futures-core",
 "futures-executor",
 "futures-io",
 "futures-sink",
 "futures-task",
 "futures-util",
]

[[package]]
name = "futures-channel"
version = "0.3.17"
source = "registry+https://github.com/rust-lang/crates.io-index"
checksum = "5da6ba8c3bb3c165d3c7319fc1cc8304facf1fb8db99c5de877183c08a273888"
dependencies = [
 "futures-core",
 "futures-sink",
]

[[package]]
name = "futures-core"
version = "0.3.17"
source = "registry+https://github.com/rust-lang/crates.io-index"
checksum = "88d1c26957f23603395cd326b0ffe64124b818f4449552f960d815cfba83a53d"

[[package]]
name = "futures-executor"
version = "0.3.17"
source = "registry+https://github.com/rust-lang/crates.io-index"
checksum = "45025be030969d763025784f7f355043dc6bc74093e4ecc5000ca4dc50d8745c"
dependencies = [
 "futures-core",
 "futures-task",
 "futures-util",
]

[[package]]
name = "futures-io"
version = "0.3.17"
source = "registry+https://github.com/rust-lang/crates.io-index"
checksum = "522de2a0fe3e380f1bc577ba0474108faf3f6b18321dbf60b3b9c39a75073377"

[[package]]
name = "futures-macro"
version = "0.3.17"
source = "registry+https://github.com/rust-lang/crates.io-index"
checksum = "18e4a4b95cea4b4ccbcf1c5675ca7c4ee4e9e75eb79944d07defde18068f79bb"
dependencies = [
 "autocfg",
 "proc-macro-hack",
 "proc-macro2",
 "quote",
 "syn",
]

[[package]]
name = "futures-sink"
version = "0.3.17"
source = "registry+https://github.com/rust-lang/crates.io-index"
checksum = "36ea153c13024fe480590b3e3d4cad89a0cfacecc24577b68f86c6ced9c2bc11"

[[package]]
name = "futures-task"
version = "0.3.17"
source = "registry+https://github.com/rust-lang/crates.io-index"
checksum = "1d3d00f4eddb73e498a54394f228cd55853bdf059259e8e7bc6e69d408892e99"

[[package]]
name = "futures-util"
version = "0.3.17"
source = "registry+https://github.com/rust-lang/crates.io-index"
checksum = "36568465210a3a6ee45e1f165136d68671471a501e632e9a98d96872222b5481"
dependencies = [
 "autocfg",
 "futures-channel",
 "futures-core",
 "futures-io",
 "futures-macro",
 "futures-sink",
 "futures-task",
 "memchr",
 "pin-project-lite",
 "pin-utils",
 "proc-macro-hack",
 "proc-macro-nested",
 "slab",
]

[[package]]
name = "getopts"
version = "0.2.21"
source = "registry+https://github.com/rust-lang/crates.io-index"
checksum = "14dbbfd5c71d70241ecf9e6f13737f7b5ce823821063188d7e46c41d371eebd5"
dependencies = [
 "unicode-width",
]

[[package]]
name = "hermit-abi"
version = "0.1.19"
source = "registry+https://github.com/rust-lang/crates.io-index"
checksum = "62b467343b94ba476dcb2500d242dadbb39557df889310ac77c5d99100aaac33"
dependencies = [
 "libc",
]

[[package]]
name = "humantime"
version = "1.3.0"
source = "registry+https://github.com/rust-lang/crates.io-index"
checksum = "df004cfca50ef23c36850aaaa59ad52cc70d0e90243c3c7737a4dd32dc7a3c4f"
dependencies = [
 "quick-error",
]

[[package]]
name = "instant"
version = "0.1.10"
source = "registry+https://github.com/rust-lang/crates.io-index"
checksum = "bee0328b1209d157ef001c94dd85b4f8f64139adb0eac2659f4b08382b2f474d"
dependencies = [
 "cfg-if",
]

[[package]]
name = "itertools"
version = "0.10.1"
source = "registry+https://github.com/rust-lang/crates.io-index"
checksum = "69ddb889f9d0d08a67338271fa9b62996bc788c7796a5c18cf057420aaed5eaf"
dependencies = [
 "either",
]

[[package]]
name = "libc"
version = "0.2.102"
source = "registry+https://github.com/rust-lang/crates.io-index"
checksum = "a2a5ac8f984bfcf3a823267e5fde638acc3325f6496633a5da6bb6eb2171e103"

[[package]]
name = "libdbus-sys"
version = "0.2.1"
source = "registry+https://github.com/rust-lang/crates.io-index"
checksum = "dc12a3bc971424edbbf7edaf6e5740483444db63aa8e23d3751ff12a30f306f0"
dependencies = [
 "pkg-config",
]

[[package]]
name = "lock_api"
version = "0.4.5"
source = "registry+https://github.com/rust-lang/crates.io-index"
checksum = "712a4d093c9976e24e7dbca41db895dabcbac38eb5f4045393d17a95bdfb1109"
dependencies = [
 "scopeguard",
]

[[package]]
name = "log"
version = "0.4.14"
source = "registry+https://github.com/rust-lang/crates.io-index"
checksum = "51b9bbe6c47d51fc3e1a9b945965946b4c44142ab8792c50835a980d362c2710"
dependencies = [
 "cfg-if",
]

[[package]]
name = "malloc_buf"
version = "0.0.6"
source = "registry+https://github.com/rust-lang/crates.io-index"
checksum = "62bb907fe88d54d8d9ce32a3cceab4218ed2f6b7d35617cafe9adf84e43919cb"
dependencies = [
 "libc",
]

[[package]]
name = "memchr"
version = "2.4.1"
source = "registry+https://github.com/rust-lang/crates.io-index"
checksum = "308cc39be01b73d0d18f82a0e7b2a3df85245f84af96fdddc5d202d27e47b86a"

[[package]]
name = "mio"
version = "0.7.13"
source = "registry+https://github.com/rust-lang/crates.io-index"
checksum = "8c2bdb6314ec10835cd3293dd268473a835c02b7b352e788be788b3c6ca6bb16"
dependencies = [
 "libc",
 "log",
 "miow",
 "ntapi",
 "winapi",
]

[[package]]
name = "miow"
version = "0.3.7"
source = "registry+https://github.com/rust-lang/crates.io-index"
checksum = "b9f1c5b025cda876f66ef43a113f91ebc9f4ccef34843000e0adf6ebbab84e21"
dependencies = [
 "winapi",
]

[[package]]
name = "ntapi"
version = "0.3.6"
source = "registry+https://github.com/rust-lang/crates.io-index"
checksum = "3f6bb902e437b6d86e03cce10a7e2af662292c5dfef23b65899ea3ac9354ad44"
dependencies = [
 "winapi",
]

[[package]]
name = "num_cpus"
version = "1.13.0"
source = "registry+https://github.com/rust-lang/crates.io-index"
checksum = "05499f3756671c15885fee9034446956fff3f243d6077b91e5767df161f766b3"
dependencies = [
 "hermit-abi",
 "libc",
]

[[package]]
name = "objc"
version = "0.2.7"
source = "registry+https://github.com/rust-lang/crates.io-index"
checksum = "915b1b472bc21c53464d6c8461c9d3af805ba1ef837e1cac254428f4a77177b1"
dependencies = [
 "malloc_buf",
]

[[package]]
name = "parking_lot"
version = "0.11.2"
source = "registry+https://github.com/rust-lang/crates.io-index"
checksum = "7d17b78036a60663b797adeaee46f5c9dfebb86948d1255007a1d6be0271ff99"
dependencies = [
 "instant",
 "lock_api",
 "parking_lot_core",
]

[[package]]
name = "parking_lot_core"
version = "0.8.5"
source = "registry+https://github.com/rust-lang/crates.io-index"
checksum = "d76e8e1493bcac0d2766c42737f34458f1c8c50c0d23bcb24ea953affb273216"
dependencies = [
 "cfg-if",
 "instant",
 "libc",
 "redox_syscall",
 "smallvec",
 "winapi",
]

[[package]]
name = "pin-project-lite"
version = "0.2.7"
source = "registry+https://github.com/rust-lang/crates.io-index"
checksum = "8d31d11c69a6b52a174b42bdc0c30e5e11670f90788b2c471c31c1d17d449443"

[[package]]
name = "pin-utils"
version = "0.1.0"
source = "registry+https://github.com/rust-lang/crates.io-index"
checksum = "8b870d8c151b6f2fb93e84a13146138f05d02ed11c7e7c54f8826aaaf7c9f184"

[[package]]
name = "pkg-config"
version = "0.3.19"
source = "registry+https://github.com/rust-lang/crates.io-index"
checksum = "3831453b3449ceb48b6d9c7ad7c96d5ea673e9b470a1dc578c2ce6521230884c"

[[package]]
name = "proc-macro-hack"
version = "0.5.19"
source = "registry+https://github.com/rust-lang/crates.io-index"
checksum = "dbf0c48bc1d91375ae5c3cd81e3722dff1abcf81a30960240640d223f59fe0e5"

[[package]]
name = "proc-macro-nested"
version = "0.1.7"
source = "registry+https://github.com/rust-lang/crates.io-index"
checksum = "bc881b2c22681370c6a780e47af9840ef841837bc98118431d4e1868bd0c1086"

[[package]]
name = "proc-macro2"
version = "1.0.29"
source = "registry+https://github.com/rust-lang/crates.io-index"
checksum = "b9f5105d4fdaab20335ca9565e106a5d9b82b6219b5ba735731124ac6711d23d"
dependencies = [
 "unicode-xid",
]

[[package]]
name = "quick-error"
version = "1.2.3"
source = "registry+https://github.com/rust-lang/crates.io-index"
checksum = "a1d01941d82fa2ab50be1e79e6714289dd7cde78eba4c074bc5a4374f650dfe0"

[[package]]
name = "quote"
version = "1.0.9"
source = "registry+https://github.com/rust-lang/crates.io-index"
checksum = "c3d0b9745dc2debf507c8422de05d7226cc1f0644216dfdfead988f9b1ab32a7"
dependencies = [
 "proc-macro2",
]

[[package]]
name = "redox_syscall"
version = "0.2.10"
source = "registry+https://github.com/rust-lang/crates.io-index"
checksum = "8383f39639269cde97d255a32bdb68c047337295414940c68bdd30c2e13203ff"
dependencies = [
 "bitflags",
]

[[package]]
name = "regex"
version = "1.5.4"
source = "registry+https://github.com/rust-lang/crates.io-index"
checksum = "d07a8629359eb56f1e2fb1652bb04212c072a87ba68546a04065d525673ac461"
dependencies = [
 "aho-corasick",
 "memchr",
 "regex-syntax",
]

[[package]]
name = "regex-syntax"
version = "0.6.25"
source = "registry+https://github.com/rust-lang/crates.io-index"
checksum = "f497285884f3fcff424ffc933e56d7cbca511def0c9831a7f9b5f6153e3cc89b"

[[package]]
name = "rosc"
version = "0.5.2"
source = "registry+https://github.com/rust-lang/crates.io-index"
checksum = "c2ca359b640ca8ef191ad8a56dd897fc46a7c733ea7b360085891cc7a70effdc"
dependencies = [
 "byteorder",
]

[[package]]
name = "scopeguard"
version = "1.1.0"
source = "registry+https://github.com/rust-lang/crates.io-index"
checksum = "d29ab0c6d3fc0ee92fe66e2d99f700eab17a8d57d1c1d3b748380fb20baa78cd"

[[package]]
name = "serde"
version = "1.0.130"
source = "registry+https://github.com/rust-lang/crates.io-index"
checksum = "f12d06de37cf59146fbdecab66aa99f9fe4f78722e3607577a5375d66bd0c913"

[[package]]
name = "serde-xml-rs"
version = "0.4.1"
source = "registry+https://github.com/rust-lang/crates.io-index"
checksum = "f0bf1ba0696ccf0872866277143ff1fd14d22eec235d2b23702f95e6660f7dfa"
dependencies = [
 "log",
 "serde",
 "thiserror",
 "xml-rs",
]

[[package]]
name = "serde_derive"
version = "1.0.130"
source = "registry+https://github.com/rust-lang/crates.io-index"
checksum = "d7bc1a1ab1961464eae040d96713baa5a724a8152c1222492465b54322ec508b"
dependencies = [
 "proc-macro2",
 "quote",
 "syn",
]

[[package]]
name = "slab"
version = "0.4.4"
source = "registry+https://github.com/rust-lang/crates.io-index"
checksum = "c307a32c1c5c437f38c7fd45d753050587732ba8628319fbdf12a7e289ccc590"

[[package]]
name = "smallvec"
version = "1.6.1"
source = "registry+https://github.com/rust-lang/crates.io-index"
checksum = "fe0f37c9e8f3c5a4a66ad655a93c74daac4ad00c441533bf5c6e7990bb42604e"

[[package]]
name = "static_assertions"
version = "1.1.0"
source = "registry+https://github.com/rust-lang/crates.io-index"
checksum = "a2eb9349b6444b326872e140eb1cf5e7c522154d69e7a0ffb0fb81c06b37543f"

[[package]]
name = "syn"
version = "1.0.76"
source = "registry+https://github.com/rust-lang/crates.io-index"
checksum = "c6f107db402c2c2055242dbf4d2af0e69197202e9faacbef9571bbe47f5a1b84"
dependencies = [
 "proc-macro2",
 "quote",
 "unicode-xid",
]

[[package]]
name = "termcolor"
version = "1.1.2"
source = "registry+https://github.com/rust-lang/crates.io-index"
checksum = "2dfed899f0eb03f32ee8c6a0aabdb8a7949659e3466561fc0adf54e26d88c5f4"
dependencies = [
 "winapi-util",
]

[[package]]
name = "thiserror"
version = "1.0.29"
source = "registry+https://github.com/rust-lang/crates.io-index"
checksum = "602eca064b2d83369e2b2f34b09c70b605402801927c65c11071ac911d299b88"
dependencies = [
 "thiserror-impl",
]

[[package]]
name = "thiserror-impl"
version = "1.0.29"
source = "registry+https://github.com/rust-lang/crates.io-index"
checksum = "bad553cc2c78e8de258400763a647e80e6d1b31ee237275d756f6836d204494c"
dependencies = [
 "proc-macro2",
 "quote",
 "syn",
]

[[package]]
name = "toio-osc"
version = "0.1.0"
dependencies = [
 "btleplug",
 "env_logger",
 "futures",
 "getopts",
 "log",
 "rosc",
 "tokio",
 "uuid",
]

[[package]]
name = "tokio"
version = "1.11.0"
source = "registry+https://github.com/rust-lang/crates.io-index"
checksum = "b4efe6fc2395938c8155973d7be49fe8d03a843726e285e100a8a383cc0154ce"
dependencies = [
 "autocfg",
 "libc",
 "mio",
 "num_cpus",
 "pin-project-lite",
 "tokio-macros",
 "winapi",
]

[[package]]
name = "tokio-macros"
version = "1.3.0"
source = "registry+https://github.com/rust-lang/crates.io-index"
checksum = "54473be61f4ebe4efd09cec9bd5d16fa51d70ea0192213d754d2d500457db110"
dependencies = [
 "proc-macro2",
 "quote",
 "syn",
]

[[package]]
name = "unicode-width"
version = "0.1.9"
source = "registry+https://github.com/rust-lang/crates.io-index"
checksum = "3ed742d4ea2bd1176e236172c8429aaf54486e7ac098db29ffe6529e0ce50973"

[[package]]
name = "unicode-xid"
version = "0.2.2"
source = "registry+https://github.com/rust-lang/crates.io-index"
checksum = "8ccb82d61f80a663efe1f787a51b16b5a51e3314d6ac365b08639f52387b33f3"

[[package]]
name = "uuid"
version = "0.8.2"
source = "registry+https://github.com/rust-lang/crates.io-index"
checksum = "bc5cf98d8186244414c848017f0e2676b3fcb46807f6668a97dfe67359a3c4b7"

[[package]]
name = "winapi"
version = "0.3.9"
source = "registry+https://github.com/rust-lang/crates.io-index"
checksum = "5c839a674fcd7a98952e593242ea400abe93992746761e38641405d28b00f419"
dependencies = [
 "winapi-i686-pc-windows-gnu",
 "winapi-x86_64-pc-windows-gnu",
]

[[package]]
name = "winapi-i686-pc-windows-gnu"
version = "0.4.0"
source = "registry+https://github.com/rust-lang/crates.io-index"
checksum = "ac3b87c63620426dd9b991e5ce0329eff545bccbbb34f3be09ff6fb6ab51b7b6"

[[package]]
name = "winapi-util"
version = "0.1.5"
source = "registry+https://github.com/rust-lang/crates.io-index"
checksum = "70ec6ce85bb158151cae5e5c87f95a8e97d2c0c4b001223f33a334e3ce5de178"
dependencies = [
 "winapi",
]

[[package]]
name = "winapi-x86_64-pc-windows-gnu"
version = "0.4.0"
source = "registry+https://github.com/rust-lang/crates.io-index"
checksum = "712e227841d057c1ee1cd2fb22fa7e5a5461ae8e48fa2ca79ec42cfc1931183f"

[[package]]
name = "windows"
version = "0.18.0"
source = "registry+https://github.com/rust-lang/crates.io-index"
checksum = "68088239696c06152844eadc03d262f088932cce50c67e4ace86e19d95e976fe"
dependencies = [
 "const-sha1",
 "windows_gen",
 "windows_macros",
]

[[package]]
name = "windows_gen"
version = "0.18.0"
source = "registry+https://github.com/rust-lang/crates.io-index"
checksum = "cf583322dc423ee021035b358e535015f7fd163058a31e2d37b99a939141121d"

[[package]]
name = "windows_macros"
version = "0.18.0"
source = "registry+https://github.com/rust-lang/crates.io-index"
checksum = "58acfb8832e9f707f8997bd161e537a1c1f603e60a5bd9c3cf53484fdcc998f3"
dependencies = [
 "syn",
 "windows_gen",
]

[[package]]
name = "xml-rs"
version = "0.8.4"
source = "registry+https://github.com/rust-lang/crates.io-index"
checksum = "d2d7d3948613f75c98fd9328cfdcc45acc4d360655289d0a7d4ec931392200a3"
